
Microsoft Visual Studio Solution File, Format Version 12.00
# Visual Studio Version 16
VisualStudioVersion = 16.0.31205.134
MinimumVisualStudioVersion = 10.0.40219.1
Project("{9A19103F-16F7-4668-BE54-9A1E7A4F7556}") = "FutronicFingerPrint", "FutronicFingerPrint\FutronicFingerPrint.csproj", "{2580F43C-9E40-4BB3-8862-656B5FD56CDD}"
EndProject
Project("{FAE04EC0-301F-11D3-BF4B-00C04F79EFBC}") = "Futronic.ConsoleDemo", "Futronic.ConsoleDemo\Futronic.ConsoleDemo.csproj", "{B8BCBDCF-FC45-43D5-821E-AD30F50EB196}"
EndProject
Project("{FAE04EC0-301F-11D3-BF4B-00C04F79EFBC}") = "Futronic.Scanners.FS26X80", "Futronic.Scanners.FS26X80\Futronic.Scanners.FS26X80.csproj", "{4CA2C425-2739-485B-8562-F5CE3FD5366A}"
EndProject
Project("{FAE04EC0-301F-11D3-BF4B-00C04F79EFBC}") = "Futronic.Models", "Futronic.Models\Futronic.Models.csproj", "{12113153-DB92-4D07-96B0-3808274A25FC}"
EndProject
Project("{FAE04EC0-301F-11D3-BF4B-00C04F79EFBC}") = "Futronic.Infrastructure", "Futronic.Infrastructure\Futronic.Infrastructure.csproj", "{947DD4FC-7394-4085-B3CD-B56EB750BF3B}"
EndProject
Global
	GlobalSection(SolutionConfigurationPlatforms) = preSolution
		Debug|Any CPU = Debug|Any CPU
		Release|Any CPU = Release|Any CPU
	EndGlobalSection
	GlobalSection(ProjectConfigurationPlatforms) = postSolution
		{2580F43C-9E40-4BB3-8862-656B5FD56CDD}.Debug|Any CPU.ActiveCfg = Debug|Any CPU
		{2580F43C-9E40-4BB3-8862-656B5FD56CDD}.Debug|Any CPU.Build.0 = Debug|Any CPU
		{2580F43C-9E40-4BB3-8862-656B5FD56CDD}.Release|Any CPU.ActiveCfg = Release|Any CPU
		{2580F43C-9E40-4BB3-8862-656B5FD56CDD}.Release|Any CPU.Build.0 = Release|Any CPU
		{B8BCBDCF-FC45-43D5-821E-AD30F50EB196}.Debug|Any CPU.ActiveCfg = Debug|Any CPU
		{B8BCBDCF-FC45-43D5-821E-AD30F50EB196}.Debug|Any CPU.Build.0 = Debug|Any CPU
		{B8BCBDCF-FC45-43D5-821E-AD30F50EB196}.Release|Any CPU.ActiveCfg = Release|Any CPU
		{B8BCBDCF-FC45-43D5-821E-AD30F50EB196}.Release|Any CPU.Build.0 = Release|Any CPU
		{4CA2C425-2739-485B-8562-F5CE3FD5366A}.Debug|Any CPU.ActiveCfg = Debug|Any CPU
		{4CA2C425-2739-485B-8562-F5CE3FD5366A}.Debug|Any CPU.Build.0 = Debug|Any CPU
		{4CA2C425-2739-485B-8562-F5CE3FD5366A}.Release|Any CPU.ActiveCfg = Release|Any CPU
		{4CA2C425-2739-485B-8562-F5CE3FD5366A}.Release|Any CPU.Build.0 = Release|Any CPU
		{12113153-DB92-4D07-96B0-3808274A25FC}.Debug|Any CPU.ActiveCfg = Debug|Any CPU
		{12113153-DB92-4D07-96B0-3808274A25FC}.Debug|Any CPU.Build.0 = Debug|Any CPU
		{12113153-DB92-4D07-96B0-3808274A25FC}.Release|Any CPU.ActiveCfg = Release|Any CPU
		{12113153-DB92-4D07-96B0-3808274A25FC}.Release|Any CPU.Build.0 = Release|Any CPU
		{947DD4FC-7394-4085-B3CD-B56EB750BF3B}.Debug|Any CPU.ActiveCfg = Debug|Any CPU
		{947DD4FC-7394-4085-B3CD-B56EB750BF3B}.Debug|Any CPU.Build.0 = Debug|Any CPU
		{947DD4FC-7394-4085-B3CD-B56EB750BF3B}.Release|Any CPU.ActiveCfg = Release|Any CPU
		{947DD4FC-7394-4085-B3CD-B56EB750BF3B}.Release|Any CPU.Build.0 = Release|Any CPU
	EndGlobalSection
	GlobalSection(SolutionProperties) = preSolution
		HideSolutionNode = FALSE
	EndGlobalSection
	GlobalSection(ExtensibilityGlobals) = postSolution
		SolutionGuid = {3A851B2B-B107-42E6-8C2E-8C3E24811022}
	EndGlobalSection
EndGlobal
